PODS:
  - Crashlytics (3.12.0):
    - Fabric (~> 1.9.0)
  - Fabric (1.9.0)
  - GzipSwift (4.0.4)
  - RxBlocking (4.3.1):
    - RxSwift (~> 4.0)
  - RxCocoa (4.3.1):
    - RxSwift (~> 4.0)
  - RxSwift (4.3.1)
  - RxSwiftExt (3.4.0):
    - RxSwiftExt/Core (= 3.4.0)
    - RxSwiftExt/RxCocoa (= 3.4.0)
  - RxSwiftExt/Core (3.4.0):
    - RxSwift (~> 4.0)
  - RxSwiftExt/RxCocoa (3.4.0):
    - RxCocoa (~> 4.0)
    - RxSwiftExt/Core
  - RxTest (4.3.1):
    - RxSwift (~> 4.0)
  - TexDriveSDK (3.0.0):
    - GzipSwift
    - RxBlocking
    - RxCocoa
    - RxSwift
    - RxSwiftExt

DEPENDENCIES:
  - Crashlytics (~> 3.12)
  - Fabric (~> 1.9.0)
  - GzipSwift (~> 4.0.4)
  - RxBlocking (= 4.3.1)
  - RxCocoa (= 4.3.1)
  - RxSwift (= 4.3.1)
  - RxSwiftExt (= 3.4.0)
  - RxTest (= 4.3.1)
  - TexDriveSDK (from `./TexDriveSDK.podspec`)

SPEC REPOS:
  https://github.com/cocoapods/specs.git:
    - Crashlytics
    - Fabric
    - GzipSwift
    - RxBlocking
    - RxCocoa
    - RxSwift
    - RxSwiftExt
    - RxTest

EXTERNAL SOURCES:
  TexDriveSDK:
    :path: "./TexDriveSDK.podspec"

SPEC CHECKSUMS:
  Crashlytics: 07fb167b1694128c1c9a5a5cc319b0e9c3ca0933
  Fabric: f988e33c97f08930a413e08123064d2e5f68d655
  GzipSwift: 1a5bc5f7827e09846b0635b5079f1224bc3b1c3a
  RxBlocking: 64c051285261ca2339481e91b5f70eb06b03660a
  RxCocoa: 78763c7b07d02455598d9fc3c1ad091a28b73635
  RxSwift: fe0fd770a43acdb7d0a53da411c9b892e69bb6e4
  RxSwiftExt: 01f8ecbeeb355698e9c75365ebe908b00dacf45d
  RxTest: ea97a208826906f3904c0debdd09575ebcbfe216
  TexDriveSDK: 458b4ab493aba6f54753e751bb8d8fece67ca5ad

PODFILE CHECKSUM: e054eaa21745cc5d004926dc67d43f3c06f4c01b

COCOAPODS: 1.6.0.rc.1
