PODS:
  - Crashlytics (3.13.1):
    - Fabric (~> 1.10.1)
  - Fabric (1.10.1)
  - GzipSwift (5.0.0)
  - RxCocoa (5.0.0):
    - RxRelay (~> 5)
    - RxSwift (~> 5)
  - RxCoreLocation (1.4.0):
    - RxCoreLocation/Core (= 1.4.0)
  - RxCoreLocation/Core (1.4.0):
    - RxCocoa (~> 5.0)
    - RxSwift (~> 5.0)
  - RxRelay (5.0.0):
    - RxSwift (~> 5)
  - RxSwift (5.0.0)
  - RxSwiftExt (5.0.0):
    - RxSwiftExt/Core (= 5.0.0)
    - RxSwiftExt/RxCocoa (= 5.0.0)
  - RxSwiftExt/Core (5.0.0):
    - RxSwift (~> 5.0)
  - RxSwiftExt/RxCocoa (5.0.0):
    - RxCocoa (~> 5.0)
    - RxSwiftExt/Core
  - TexDriveSDK (3.0.1):
    - GzipSwift (~> 5.0.0)
    - RxCocoa (~> 5.0.0)
    - RxCoreLocation (~> 1.4.0)
    - RxSwift (~> 5.0.0)
    - RxSwiftExt (~> 5)

DEPENDENCIES:
  - Crashlytics
  - Fabric
  - GzipSwift
  - RxCocoa
  - RxCoreLocation
  - RxSwift
  - RxSwiftExt
  - TexDriveSDK (from `./TexDriveSDK.podspec`)

SPEC REPOS:
  https://github.com/cocoapods/specs.git:
    - Crashlytics
    - Fabric
    - GzipSwift
    - RxCocoa
    - RxCoreLocation
    - RxRelay
    - RxSwift
    - RxSwiftExt

EXTERNAL SOURCES:
  TexDriveSDK:
    :path: "./TexDriveSDK.podspec"

SPEC CHECKSUMS:
  Crashlytics: 5aa8e90dcbf2f34898b4f5a0037787531246cca0
  Fabric: f6f21452846788bb44595d73e9909d79d328e617
  GzipSwift: 5592f4d62b641e04d06443ba471f8ed76b1363e4
  RxCocoa: fcf32050ac00d801f34a7f71d5e8e7f23026dcd8
  RxCoreLocation: ac3a3d97dc5f4e779058f43c9327534f1e3fb95a
  RxRelay: 4f7409406a51a55cd88483f21ed898c234d60f18
  RxSwift: 8b0671caa829a763bbce7271095859121cbd895f
  RxSwiftExt: 4564187392cc53823ef241fa4a11647861567026
  TexDriveSDK: c03f6841bf1b498326d128da525fd7197724db09

PODFILE CHECKSUM: 2276c3cfcb0cadb95c563e6f6cc4e9b7e484478e

COCOAPODS: 1.6.0
