// !$*UTF8*$!
{
	archiveVersion = 1;
	classes = {
	};
	objectVersion = 50;
	objects = {

/* Begin PBXBuildFile section */
		989F60247859D2045B66B12F /* Pods_TexDriveAppTests.framework in Frameworks */ = {isa = PBXBuildFile; fileRef = 2989B414697E5897439A1FD6 /* Pods_TexDriveAppTests.framework */; };
		E2798E812147EE80006228A3 /* AppDelegate.swift in Sources */ = {isa = PBXBuildFile; fileRef = E2798E802147EE80006228A3 /* AppDelegate.swift */; };
		E2798E832147EE80006228A3 /* ViewController.swift in Sources */ = {isa = PBXBuildFile; fileRef = E2798E822147EE80006228A3 /* ViewController.swift */; };
		E2798E862147EE80006228A3 /* Main.storyboard in Resources */ = {isa = PBXBuildFile; fileRef = E2798E842147EE80006228A3 /* Main.storyboard */; };
		E2798E882147EE81006228A3 /* Assets.xcassets in Resources */ = {isa = PBXBuildFile; fileRef = E2798E872147EE81006228A3 /* Assets.xcassets */; };
		E2798E8B2147EE81006228A3 /* LaunchScreen.storyboard in Resources */ = {isa = PBXBuildFile; fileRef = E2798E892147EE81006228A3 /* LaunchScreen.storyboard */; };
		E2798E962147EE81006228A3 /* TexDriveAppTests.swift in Sources */ = {isa = PBXBuildFile; fileRef = E2798E952147EE81006228A3 /* TexDriveAppTests.swift */; };
		FA5CE0C8BE0EE61032721529 /* Pods_TexDriveApp.framework in Frameworks */ = {isa = PBXBuildFile; fileRef = CDA5533BB144D7F1351B5D3B /* Pods_TexDriveApp.framework */; };
/* End PBXBuildFile section */

/* Begin PBXContainerItemProxy section */
		E2798E922147EE81006228A3 /* PBXContainerItemProxy */ = {
			isa = PBXContainerItemProxy;
			containerPortal = E2798E752147EE80006228A3 /* Project object */;
			proxyType = 1;
			remoteGlobalIDString = E2798E7C2147EE80006228A3;
			remoteInfo = TexDriveApp;
		};
/* End PBXContainerItemProxy section */

/* Begin PBXFileReference section */
		14156CE72E97C91515F2370F /* Pods-TexDriveApp.debug.xcconfig */ = {isa = PBXFileReference; includeInIndex = 1; lastKnownFileType = text.xcconfig; name = "Pods-TexDriveApp.debug.xcconfig"; path = "Pods/Target Support Files/Pods-TexDriveApp/Pods-TexDriveApp.debug.xcconfig"; sourceTree = "<group>"; };
		2989B414697E5897439A1FD6 /* Pods_TexDriveAppTests.framework */ = {isa = PBXFileReference; explicitFileType = wrapper.framework; includeInIndex = 0; path = Pods_TexDriveAppTests.framework; sourceTree = BUILT_PRODUCTS_DIR; };
		4C579984912A760AEF003612 /* Pods-TexDriveApp.release.xcconfig */ = {isa = PBXFileReference; includeInIndex = 1; lastKnownFileType = text.xcconfig; name = "Pods-TexDriveApp.release.xcconfig"; path = "Pods/Target Support Files/Pods-TexDriveApp/Pods-TexDriveApp.release.xcconfig"; sourceTree = "<group>"; };
		98DFE0A21F1C20270057BCC5 /* Pods-TexDriveAppTests.release.xcconfig */ = {isa = PBXFileReference; includeInIndex = 1; lastKnownFileType = text.xcconfig; name = "Pods-TexDriveAppTests.release.xcconfig"; path = "Pods/Target Support Files/Pods-TexDriveAppTests/Pods-TexDriveAppTests.release.xcconfig"; sourceTree = "<group>"; };
		BC049353FB34A04720AEFDB9 /* Pods-TexDriveAppTests.debug.xcconfig */ = {isa = PBXFileReference; includeInIndex = 1; lastKnownFileType = text.xcconfig; name = "Pods-TexDriveAppTests.debug.xcconfig"; path = "Pods/Target Support Files/Pods-TexDriveAppTests/Pods-TexDriveAppTests.debug.xcconfig"; sourceTree = "<group>"; };
		CDA5533BB144D7F1351B5D3B /* Pods_TexDriveApp.framework */ = {isa = PBXFileReference; explicitFileType = wrapper.framework; includeInIndex = 0; path = Pods_TexDriveApp.framework; sourceTree = BUILT_PRODUCTS_DIR; };
		E2798E7D2147EE80006228A3 /* TexDriveApp.app */ = {isa = PBXFileReference; explicitFileType = wrapper.application; includeInIndex = 0; path = TexDriveApp.app; sourceTree = BUILT_PRODUCTS_DIR; };
		E2798E802147EE80006228A3 /* AppDelegate.swift */ = {isa = PBXFileReference; lastKnownFileType = sourcecode.swift; path = AppDelegate.swift; sourceTree = "<group>"; };
		E2798E822147EE80006228A3 /* ViewController.swift */ = {isa = PBXFileReference; lastKnownFileType = sourcecode.swift; path = ViewController.swift; sourceTree = "<group>"; };
		E2798E852147EE80006228A3 /* Base */ = {isa = PBXFileReference; lastKnownFileType = file.storyboard; name = Base; path = Base.lproj/Main.storyboard; sourceTree = "<group>"; };
		E2798E872147EE81006228A3 /* Assets.xcassets */ = {isa = PBXFileReference; lastKnownFileType = folder.assetcatalog; path = Assets.xcassets; sourceTree = "<group>"; };
		E2798E8A2147EE81006228A3 /* Base */ = {isa = PBXFileReference; lastKnownFileType = file.storyboard; name = Base; path = Base.lproj/LaunchScreen.storyboard; sourceTree = "<group>"; };
		E2798E8C2147EE81006228A3 /* Info.plist */ = {isa = PBXFileReference; lastKnownFileType = text.plist.xml; path = Info.plist; sourceTree = "<group>"; };
		E2798E912147EE81006228A3 /* TexDriveAppTests.xctest */ = {isa = PBXFileReference; explicitFileType = wrapper.cfbundle; includeInIndex = 0; path = TexDriveAppTests.xctest; sourceTree = BUILT_PRODUCTS_DIR; };
		E2798E952147EE81006228A3 /* TexDriveAppTests.swift */ = {isa = PBXFileReference; lastKnownFileType = sourcecode.swift; path = TexDriveAppTests.swift; sourceTree = "<group>"; };
		E2798E972147EE81006228A3 /* Info.plist */ = {isa = PBXFileReference; lastKnownFileType = text.plist.xml; path = Info.plist; sourceTree = "<group>"; };
/* End PBXFileReference section */

/* Begin PBXFrameworksBuildPhase section */
		E2798E7A2147EE80006228A3 /* Frameworks */ = {
			isa = PBXFrameworksBuildPhase;
			buildActionMask = 2147483647;
			files = (
				FA5CE0C8BE0EE61032721529 /* Pods_TexDriveApp.framework in Frameworks */,
			);
			runOnlyForDeploymentPostprocessing = 0;
		};
		E2798E8E2147EE81006228A3 /* Frameworks */ = {
			isa = PBXFrameworksBuildPhase;
			buildActionMask = 2147483647;
			files = (
				989F60247859D2045B66B12F /* Pods_TexDriveAppTests.framework in Frameworks */,
			);
			runOnlyForDeploymentPostprocessing = 0;
		};
/* End PBXFrameworksBuildPhase section */

/* Begin PBXGroup section */
		373EB6DFF05A42B14BCF675C /* Pods */ = {
			isa = PBXGroup;
			children = (
				14156CE72E97C91515F2370F /* Pods-TexDriveApp.debug.xcconfig */,
				4C579984912A760AEF003612 /* Pods-TexDriveApp.release.xcconfig */,
				BC049353FB34A04720AEFDB9 /* Pods-TexDriveAppTests.debug.xcconfig */,
				98DFE0A21F1C20270057BCC5 /* Pods-TexDriveAppTests.release.xcconfig */,
			);
			name = Pods;
			sourceTree = "<group>";
		};
		D9FE30E5EE1F2DE7A22EA00D /* Frameworks */ = {
			isa = PBXGroup;
			children = (
				CDA5533BB144D7F1351B5D3B /* Pods_TexDriveApp.framework */,
				2989B414697E5897439A1FD6 /* Pods_TexDriveAppTests.framework */,
			);
			name = Frameworks;
			sourceTree = "<group>";
		};
		E2798E742147EE80006228A3 = {
			isa = PBXGroup;
			children = (
				E2798E7F2147EE80006228A3 /* TexDriveApp */,
				E2798E942147EE81006228A3 /* TexDriveAppTests */,
				E2798E7E2147EE80006228A3 /* Products */,
				373EB6DFF05A42B14BCF675C /* Pods */,
				D9FE30E5EE1F2DE7A22EA00D /* Frameworks */,
			);
			sourceTree = "<group>";
		};
		E2798E7E2147EE80006228A3 /* Products */ = {
			isa = PBXGroup;
			children = (
				E2798E7D2147EE80006228A3 /* TexDriveApp.app */,
				E2798E912147EE81006228A3 /* TexDriveAppTests.xctest */,
			);
			name = Products;
			sourceTree = "<group>";
		};
		E2798E7F2147EE80006228A3 /* TexDriveApp */ = {
			isa = PBXGroup;
			children = (
				E2798E802147EE80006228A3 /* AppDelegate.swift */,
				E2798E822147EE80006228A3 /* ViewController.swift */,
				E2798E842147EE80006228A3 /* Main.storyboard */,
				E2798E872147EE81006228A3 /* Assets.xcassets */,
				E2798E892147EE81006228A3 /* LaunchScreen.storyboard */,
				E2798E8C2147EE81006228A3 /* Info.plist */,
			);
			path = TexDriveApp;
			sourceTree = "<group>";
		};
		E2798E942147EE81006228A3 /* TexDriveAppTests */ = {
			isa = PBXGroup;
			children = (
				E2798E952147EE81006228A3 /* TexDriveAppTests.swift */,
				E2798E972147EE81006228A3 /* Info.plist */,
			);
			path = TexDriveAppTests;
			sourceTree = "<group>";
		};
/* End PBXGroup section */

/* Begin PBXNativeTarget section */
		E2798E7C2147EE80006228A3 /* TexDriveApp */ = {
			isa = PBXNativeTarget;
			buildConfigurationList = E2798E9A2147EE81006228A3 /* Build configuration list for PBXNativeTarget "TexDriveApp" */;
			buildPhases = (
				C651BA0B01565DF7FC9663AC /* [CP] Check Pods Manifest.lock */,
				E2798E792147EE80006228A3 /* Sources */,
				E2798E7A2147EE80006228A3 /* Frameworks */,
				E2798E7B2147EE80006228A3 /* Resources */,
				CB9D4ADD2F04DC7ACF596036 /* [CP] Embed Pods Frameworks */,
			);
			buildRules = (
			);
			dependencies = (
			);
			name = TexDriveApp;
			productName = TexDriveApp;
			productReference = E2798E7D2147EE80006228A3 /* TexDriveApp.app */;
			productType = "com.apple.product-type.application";
		};
		E2798E902147EE81006228A3 /* TexDriveAppTests */ = {
			isa = PBXNativeTarget;
			buildConfigurationList = E2798E9D2147EE81006228A3 /* Build configuration list for PBXNativeTarget "TexDriveAppTests" */;
			buildPhases = (
				62476437454FB030A04CEF22 /* [CP] Check Pods Manifest.lock */,
				E2798E8D2147EE81006228A3 /* Sources */,
				E2798E8E2147EE81006228A3 /* Frameworks */,
				E2798E8F2147EE81006228A3 /* Resources */,
			);
			buildRules = (
			);
			dependencies = (
				E2798E932147EE81006228A3 /* PBXTargetDependency */,
			);
			name = TexDriveAppTests;
			productName = TexDriveAppTests;
			productReference = E2798E912147EE81006228A3 /* TexDriveAppTests.xctest */;
			productType = "com.apple.product-type.bundle.unit-test";
		};
/* End PBXNativeTarget section */

/* Begin PBXProject section */
		E2798E752147EE80006228A3 /* Project object */ = {
			isa = PBXProject;
			attributes = {
				LastSwiftUpdateCheck = 0940;
				LastUpgradeCheck = 0940;
				ORGANIZATIONNAME = Axa;
				TargetAttributes = {
					E2798E7C2147EE80006228A3 = {
						CreatedOnToolsVersion = 9.4.1;
						SystemCapabilities = {
							com.apple.BackgroundModes = {
								enabled = 1;
							};
						};
					};
					E2798E902147EE81006228A3 = {
						CreatedOnToolsVersion = 9.4.1;
						TestTargetID = E2798E7C2147EE80006228A3;
					};
				};
			};
			buildConfigurationList = E2798E782147EE80006228A3 /* Build configuration list for PBXProject "TexDriveApp" */;
			compatibilityVersion = "Xcode 9.3";
			developmentRegion = en;
			hasScannedForEncodings = 0;
			knownRegions = (
				en,
				Base,
			);
			mainGroup = E2798E742147EE80006228A3;
			productRefGroup = E2798E7E2147EE80006228A3 /* Products */;
			projectDirPath = "";
			projectRoot = "";
			targets = (
				E2798E7C2147EE80006228A3 /* TexDriveApp */,
				E2798E902147EE81006228A3 /* TexDriveAppTests */,
			);
		};
/* End PBXProject section */

/* Begin PBXResourcesBuildPhase section */
		E2798E7B2147EE80006228A3 /* Resources */ = {
			isa = PBXResourcesBuildPhase;
			buildActionMask = 2147483647;
			files = (
				E2798E8B2147EE81006228A3 /* LaunchScreen.storyboard in Resources */,
				E2798E882147EE81006228A3 /* Assets.xcassets in Resources */,
				E2798E862147EE80006228A3 /* Main.storyboard in Resources */,
			);
			runOnlyForDeploymentPostprocessing = 0;
		};
		E2798E8F2147EE81006228A3 /* Resources */ = {
			isa = PBXResourcesBuildPhase;
			buildActionMask = 2147483647;
			files = (
			);
			runOnlyForDeploymentPostprocessing = 0;
		};
/* End PBXResourcesBuildPhase section */

/* Begin PBXShellScriptBuildPhase section */
		62476437454FB030A04CEF22 /* [CP] Check Pods Manifest.lock */ = {
			isa = PBXShellScriptBuildPhase;
			buildActionMask = 2147483647;
			files = (
			);
			inputPaths = (
				"${PODS_PODFILE_DIR_PATH}/Podfile.lock",
				"${PODS_ROOT}/Manifest.lock",
			);
			name = "[CP] Check Pods Manifest.lock";
			outputPaths = (
				"$(DERIVED_FILE_DIR)/Pods-TexDriveAppTests-checkManifestLockResult.txt",
			);
			runOnlyForDeploymentPostprocessing = 0;
			shellPath = /bin/sh;
			shellScript = "diff \"${PODS_PODFILE_DIR_PATH}/Podfile.lock\" \"${PODS_ROOT}/Manifest.lock\" > /dev/null\nif [ $? != 0 ] ; then\n    # print error to STDERR\n    echo \"error: The sandbox is not in sync with the Podfile.lock. Run 'pod install' or update your CocoaPods installation.\" >&2\n    exit 1\nfi\n# This output is used by Xcode 'outputs' to avoid re-running this script phase.\necho \"SUCCESS\" > \"${SCRIPT_OUTPUT_FILE_0}\"\n";
			showEnvVarsInLog = 0;
		};
		C651BA0B01565DF7FC9663AC /* [CP] Check Pods Manifest.lock */ = {
			isa = PBXShellScriptBuildPhase;
			buildActionMask = 2147483647;
			files = (
			);
			inputPaths = (
				"${PODS_PODFILE_DIR_PATH}/Podfile.lock",
				"${PODS_ROOT}/Manifest.lock",
			);
			name = "[CP] Check Pods Manifest.lock";
			outputPaths = (
				"$(DERIVED_FILE_DIR)/Pods-TexDriveApp-checkManifestLockResult.txt",
			);
			runOnlyForDeploymentPostprocessing = 0;
			shellPath = /bin/sh;
			shellScript = "diff \"${PODS_PODFILE_DIR_PATH}/Podfile.lock\" \"${PODS_ROOT}/Manifest.lock\" > /dev/null\nif [ $? != 0 ] ; then\n    # print error to STDERR\n    echo \"error: The sandbox is not in sync with the Podfile.lock. Run 'pod install' or update your CocoaPods installation.\" >&2\n    exit 1\nfi\n# This output is used by Xcode 'outputs' to avoid re-running this script phase.\necho \"SUCCESS\" > \"${SCRIPT_OUTPUT_FILE_0}\"\n";
			showEnvVarsInLog = 0;
		};
		CB9D4ADD2F04DC7ACF596036 /* [CP] Embed Pods Frameworks */ = {
			isa = PBXShellScriptBuildPhase;
			buildActionMask = 2147483647;
			files = (
			);
			inputPaths = (
				"${SRCROOT}/Pods/Target Support Files/Pods-TexDriveApp/Pods-TexDriveApp-frameworks.sh",
				"${BUILT_PRODUCTS_DIR}/Alamofire-framework/Alamofire.framework",
				"${BUILT_PRODUCTS_DIR}/RxCocoa-framework/RxCocoa.framework",
				"${BUILT_PRODUCTS_DIR}/RxSwift-framework/RxSwift.framework",
				"${BUILT_PRODUCTS_DIR}/TexDriveSDK/TexDriveSDK.framework",
			);
			name = "[CP] Embed Pods Frameworks";
			outputPaths = (
				"${TARGET_BUILD_DIR}/${FRAMEWORKS_FOLDER_PATH}/Alamofire.framework",
				"${TARGET_BUILD_DIR}/${FRAMEWORKS_FOLDER_PATH}/RxCocoa.framework",
				"${TARGET_BUILD_DIR}/${FRAMEWORKS_FOLDER_PATH}/RxSwift.framework",
				"${TARGET_BUILD_DIR}/${FRAMEWORKS_FOLDER_PATH}/TexDriveSDK.framework",
			);
			runOnlyForDeploymentPostprocessing = 0;
			shellPath = /bin/sh;
			shellScript = "\"${SRCROOT}/Pods/Target Support Files/Pods-TexDriveApp/Pods-TexDriveApp-frameworks.sh\"\n";
			showEnvVarsInLog = 0;
		};
/* End PBXShellScriptBuildPhase section */

/* Begin PBXSourcesBuildPhase section */
		E2798E792147EE80006228A3 /* Sources */ = {
			isa = PBXSourcesBuildPhase;
			buildActionMask = 2147483647;
			files = (
				E2798E832147EE80006228A3 /* ViewController.swift in Sources */,
				E2798E812147EE80006228A3 /* AppDelegate.swift in Sources */,
			);
			runOnlyForDeploymentPostprocessing = 0;
		};
		E2798E8D2147EE81006228A3 /* Sources */ = {
			isa = PBXSourcesBuildPhase;
			buildActionMask = 2147483647;
			files = (
				E2798E962147EE81006228A3 /* TexDriveAppTests.swift in Sources */,
			);
			runOnlyForDeploymentPostprocessing = 0;
		};
/* End PBXSourcesBuildPhase section */

/* Begin PBXTargetDependency section */
		E2798E932147EE81006228A3 /* PBXTargetDependency */ = {
			isa = PBXTargetDependency;
			target = E2798E7C2147EE80006228A3 /* TexDriveApp */;
			targetProxy = E2798E922147EE81006228A3 /* PBXContainerItemProxy */;
		};
/* End PBXTargetDependency section */

/* Begin PBXVariantGroup section */
		E2798E842147EE80006228A3 /* Main.storyboard */ = {
			isa = PBXVariantGroup;
			children = (
				E2798E852147EE80006228A3 /* Base */,
			);
			name = Main.storyboard;
			sourceTree = "<group>";
		};
		E2798E892147EE81006228A3 /* LaunchScreen.storyboard */ = {
			isa = PBXVariantGroup;
			children = (
				E2798E8A2147EE81006228A3 /* Base */,
			);
			name = LaunchScreen.storyboard;
			sourceTree = "<group>";
		};
/* End PBXVariantGroup section */

/* Begin XCBuildConfiguration section */
		E2798E982147EE81006228A3 /* Debug */ = {
			isa = XCBuildConfiguration;
			buildSettings = {
				ALWAYS_SEARCH_USER_PATHS = NO;
				CLANG_ANALYZER_NONNULL = YES;
				CLANG_ANALYZER_NUMBER_OBJECT_CONVERSION = YES_AGGRESSIVE;
				CLANG_CXX_LANGUAGE_STANDARD = "gnu++14";
				CLANG_CXX_LIBRARY = "libc++";
				CLANG_ENABLE_MODULES = YES;
				CLANG_ENABLE_OBJC_ARC = YES;
				CLANG_ENABLE_OBJC_WEAK = YES;
				CLANG_WARN_BLOCK_CAPTURE_AUTORELEASING = YES;
				CLANG_WARN_BOOL_CONVERSION = YES;
				CLANG_WARN_COMMA = YES;
				CLANG_WARN_CONSTANT_CONVERSION = YES;
				CLANG_WARN_DEPRECATED_OBJC_IMPLEMENTATIONS = YES;
				CLANG_WARN_DIRECT_OBJC_ISA_USAGE = YES_ERROR;
				CLANG_WARN_DOCUMENTATION_COMMENTS = YES;
				CLANG_WARN_EMPTY_BODY = YES;
				CLANG_WARN_ENUM_CONVERSION = YES;
				CLANG_WARN_INFINITE_RECURSION = YES;
				CLANG_WARN_INT_CONVERSION = YES;
				CLANG_WARN_NON_LITERAL_NULL_CONVERSION = YES;
				CLANG_WARN_OBJC_IMPLICIT_RETAIN_SELF = YES;
				CLANG_WARN_OBJC_LITERAL_CONVERSION = YES;
				CLANG_WARN_OBJC_ROOT_CLASS = YES_ERROR;
				CLANG_WARN_RANGE_LOOP_ANALYSIS = YES;
				CLANG_WARN_STRICT_PROTOTYPES = YES;
				CLANG_WARN_SUSPICIOUS_MOVE = YES;
				CLANG_WARN_UNGUARDED_AVAILABILITY = YES_AGGRESSIVE;
				CLANG_WARN_UNREACHABLE_CODE = YES;
				CLANG_WARN__DUPLICATE_METHOD_MATCH = YES;
				CODE_SIGN_IDENTITY = "iPhone Developer";
				COPY_PHASE_STRIP = NO;
				DEBUG_INFORMATION_FORMAT = dwarf;
				ENABLE_STRICT_OBJC_MSGSEND = YES;
				ENABLE_TESTABILITY = YES;
				GCC_C_LANGUAGE_STANDARD = gnu11;
				GCC_DYNAMIC_NO_PIC = NO;
				GCC_NO_COMMON_BLOCKS = YES;
				GCC_OPTIMIZATION_LEVEL = 0;
				GCC_PREPROCESSOR_DEFINITIONS = (
					"DEBUG=1",
					"$(inherited)",
				);
				GCC_WARN_64_TO_32_BIT_CONVERSION = YES;
				GCC_WARN_ABOUT_RETURN_TYPE = YES_ERROR;
				GCC_WARN_UNDECLARED_SELECTOR = YES;
				GCC_WARN_UNINITIALIZED_AUTOS = YES_AGGRESSIVE;
				GCC_WARN_UNUSED_FUNCTION = YES;
				GCC_WARN_UNUSED_VARIABLE = YES;
				IPHONEOS_DEPLOYMENT_TARGET = 11.4;
				MTL_ENABLE_DEBUG_INFO = YES;
				ONLY_ACTIVE_ARCH = YES;
				SDKROOT = iphoneos;
				SWIFT_ACTIVE_COMPILATION_CONDITIONS = DEBUG;
				SWIFT_OPTIMIZATION_LEVEL = "-Onone";
			};
			name = Debug;
		};
		E2798E992147EE81006228A3 /* Release */ = {
			isa = XCBuildConfiguration;
			buildSettings = {
				ALWAYS_SEARCH_USER_PATHS = NO;
				CLANG_ANALYZER_NONNULL = YES;
				CLANG_ANALYZER_NUMBER_OBJECT_CONVERSION = YES_AGGRESSIVE;
				CLANG_CXX_LANGUAGE_STANDARD = "gnu++14";
				CLANG_CXX_LIBRARY = "libc++";
				CLANG_ENABLE_MODULES = YES;
				CLANG_ENABLE_OBJC_ARC = YES;
				CLANG_ENABLE_OBJC_WEAK = YES;
				CLANG_WARN_BLOCK_CAPTURE_AUTORELEASING = YES;
				CLANG_WARN_BOOL_CONVERSION = YES;
				CLANG_WARN_COMMA = YES;
				CLANG_WARN_CONSTANT_CONVERSION = YES;
				CLANG_WARN_DEPRECATED_OBJC_IMPLEMENTATIONS = YES;
				CLANG_WARN_DIRECT_OBJC_ISA_USAGE = YES_ERROR;
				CLANG_WARN_DOCUMENTATION_COMMENTS = YES;
				CLANG_WARN_EMPTY_BODY = YES;
				CLANG_WARN_ENUM_CONVERSION = YES;
				CLANG_WARN_INFINITE_RECURSION = YES;
				CLANG_WARN_INT_CONVERSION = YES;
				CLANG_WARN_NON_LITERAL_NULL_CONVERSION = YES;
				CLANG_WARN_OBJC_IMPLICIT_RETAIN_SELF = YES;
				CLANG_WARN_OBJC_LITERAL_CONVERSION = YES;
				CLANG_WARN_OBJC_ROOT_CLASS = YES_ERROR;
				CLANG_WARN_RANGE_LOOP_ANALYSIS = YES;
				CLANG_WARN_STRICT_PROTOTYPES = YES;
				CLANG_WARN_SUSPICIOUS_MOVE = YES;
				CLANG_WARN_UNGUARDED_AVAILABILITY = YES_AGGRESSIVE;
				CLANG_WARN_UNREACHABLE_CODE = YES;
				CLANG_WARN__DUPLICATE_METHOD_MATCH = YES;
				CODE_SIGN_IDENTITY = "iPhone Developer";
				COPY_PHASE_STRIP = NO;
				DEBUG_INFORMATION_FORMAT = "dwarf-with-dsym";
				ENABLE_NS_ASSERTIONS = NO;
				ENABLE_STRICT_OBJC_MSGSEND = YES;
				GCC_C_LANGUAGE_STANDARD = gnu11;
				GCC_NO_COMMON_BLOCKS = YES;
				GCC_WARN_64_TO_32_BIT_CONVERSION = YES;
				GCC_WARN_ABOUT_RETURN_TYPE = YES_ERROR;
				GCC_WARN_UNDECLARED_SELECTOR = YES;
				GCC_WARN_UNINITIALIZED_AUTOS = YES_AGGRESSIVE;
				GCC_WARN_UNUSED_FUNCTION = YES;
				GCC_WARN_UNUSED_VARIABLE = YES;
				IPHONEOS_DEPLOYMENT_TARGET = 11.4;
				MTL_ENABLE_DEBUG_INFO = NO;
				SDKROOT = iphoneos;
				SWIFT_COMPILATION_MODE = wholemodule;
				SWIFT_OPTIMIZATION_LEVEL = "-O";
				VALIDATE_PRODUCT = YES;
			};
			name = Release;
		};
		E2798E9B2147EE81006228A3 /* Debug */ = {
			isa = XCBuildConfiguration;
			baseConfigurationReference = 14156CE72E97C91515F2370F /* Pods-TexDriveApp.debug.xcconfig */;
			buildSettings = {
				ASSETCATALOG_COMPILER_APPICON_NAME = AppIcon;
				CODE_SIGN_STYLE = Automatic;
				DEVELOPMENT_TEAM = C8S682A487;
				INFOPLIST_FILE = TexDriveApp/Info.plist;
				LD_RUNPATH_SEARCH_PATHS = (
					"$(inherited)",
					"@executable_path/Frameworks",
				);
				PRODUCT_BUNDLE_IDENTIFIER = axa.tex.TexDriveApp;
				PRODUCT_NAME = "$(TARGET_NAME)";
				SWIFT_VERSION = 4.0;
				TARGETED_DEVICE_FAMILY = "1,2";
			};
			name = Debug;
		};
		E2798E9C2147EE81006228A3 /* Release */ = {
			isa = XCBuildConfiguration;
			baseConfigurationReference = 4C579984912A760AEF003612 /* Pods-TexDriveApp.release.xcconfig */;
			buildSettings = {
				ASSETCATALOG_COMPILER_APPICON_NAME = AppIcon;
				CODE_SIGN_STYLE = Automatic;
				DEVELOPMENT_TEAM = C8S682A487;
				INFOPLIST_FILE = TexDriveApp/Info.plist;
				LD_RUNPATH_SEARCH_PATHS = (
					"$(inherited)",
					"@executable_path/Frameworks",
				);
				PRODUCT_BUNDLE_IDENTIFIER = axa.tex.TexDriveApp;
				PRODUCT_NAME = "$(TARGET_NAME)";
				SWIFT_VERSION = 4.0;
				TARGETED_DEVICE_FAMILY = "1,2";
			};
			name = Release;
		};
		E2798E9E2147EE81006228A3 /* Debug */ = {
			isa = XCBuildConfiguration;
			baseConfigurationReference = BC049353FB34A04720AEFDB9 /* Pods-TexDriveAppTests.debug.xcconfig */;
			buildSettings = {
				ALWAYS_EMBED_SWIFT_STANDARD_LIBRARIES = YES;
				BUNDLE_LOADER = "$(TEST_HOST)";
				CODE_SIGN_STYLE = Automatic;
				DEVELOPMENT_TEAM = C8S682A487;
				INFOPLIST_FILE = TexDriveAppTests/Info.plist;
				LD_RUNPATH_SEARCH_PATHS = (
					"$(inherited)",
					"@executable_path/Frameworks",
					"@loader_path/Frameworks",
				);
				PRODUCT_BUNDLE_IDENTIFIER = axa.tex.TexDriveAppTests;
				PRODUCT_NAME = "$(TARGET_NAME)";
				SWIFT_VERSION = 4.0;
				TARGETED_DEVICE_FAMILY = "1,2";
				TEST_HOST = "$(BUILT_PRODUCTS_DIR)/TexDriveApp.app/TexDriveApp";
			};
			name = Debug;
		};
		E2798E9F2147EE81006228A3 /* Release */ = {
			isa = XCBuildConfiguration;
			baseConfigurationReference = 98DFE0A21F1C20270057BCC5 /* Pods-TexDriveAppTests.release.xcconfig */;
			buildSettings = {
				ALWAYS_EMBED_SWIFT_STANDARD_LIBRARIES = YES;
				BUNDLE_LOADER = "$(TEST_HOST)";
				CODE_SIGN_STYLE = Automatic;
				DEVELOPMENT_TEAM = C8S682A487;
				INFOPLIST_FILE = TexDriveAppTests/Info.plist;
				LD_RUNPATH_SEARCH_PATHS = (
					"$(inherited)",
					"@executable_path/Frameworks",
					"@loader_path/Frameworks",
				);
				PRODUCT_BUNDLE_IDENTIFIER = axa.tex.TexDriveAppTests;
				PRODUCT_NAME = "$(TARGET_NAME)";
				SWIFT_VERSION = 4.0;
				TARGETED_DEVICE_FAMILY = "1,2";
				TEST_HOST = "$(BUILT_PRODUCTS_DIR)/TexDriveApp.app/TexDriveApp";
			};
			name = Release;
		};
/* End XCBuildConfiguration section */

/* Begin XCConfigurationList section */
		E2798E782147EE80006228A3 /* Build configuration list for PBXProject "TexDriveApp" */ = {
			isa = XCConfigurationList;
			buildConfigurations = (
				E2798E982147EE81006228A3 /* Debug */,
				E2798E992147EE81006228A3 /* Release */,
			);
			defaultConfigurationIsVisible = 0;
			defaultConfigurationName = Release;
		};
		E2798E9A2147EE81006228A3 /* Build configuration list for PBXNativeTarget "TexDriveApp" */ = {
			isa = XCConfigurationList;
			buildConfigurations = (
				E2798E9B2147EE81006228A3 /* Debug */,
				E2798E9C2147EE81006228A3 /* Release */,
			);
			defaultConfigurationIsVisible = 0;
			defaultConfigurationName = Release;
		};
		E2798E9D2147EE81006228A3 /* Build configuration list for PBXNativeTarget "TexDriveAppTests" */ = {
			isa = XCConfigurationList;
			buildConfigurations = (
				E2798E9E2147EE81006228A3 /* Debug */,
				E2798E9F2147EE81006228A3 /* Release */,
			);
			defaultConfigurationIsVisible = 0;
			defaultConfigurationName = Release;
		};
/* End XCConfigurationList section */
	};
	rootObject = E2798E752147EE80006228A3 /* Project object */;
}
